
Microsoft Visual Studio Solution File, Format Version 12.00
# Visual Studio Version 17
VisualStudioVersion = 17.11.35303.130
MinimumVisualStudioVersion = 10.0.40219.1
Project("{8BC9CEB8-8B4A-11D0-8D11-00A0C91BC942}") = "bounce", "bounce.vcxproj", "{503C76A9-9B78-468F-A64D-66B981EA688D}"
EndProject
Global
	GlobalSection(SolutionConfigurationPlatforms) = preSolution
		Debug|x64 = Debug|x64
		Debug|x86 = Debug|x86
		Release|x64 = Release|x64
		Release|x86 = Release|x86
	EndGlobalSection
	GlobalSection(ProjectConfigurationPlatforms) = postSolution
		{503C76A9-9B78-468F-A64D-66B981EA688D}.Debug|x64.ActiveCfg = Debug|x64
		{503C76A9-9B78-468F-A64D-66B981EA688D}.Debug|x64.Build.0 = Debug|x64
		{503C76A9-9B78-468F-A64D-66B981EA688D}.Debug|x86.ActiveCfg = Debug|Win32
		{503C76A9-9B78-468F-A64D-66B981EA688D}.Debug|x86.Build.0 = Debug|Win32
		{503C76A9-9B78-468F-A64D-66B981EA688D}.Release|x64.ActiveCfg = Release|x64
		{503C76A9-9B78-468F-A64D-66B981EA688D}.Release|x64.Build.0 = Release|x64
		{503C76A9-9B78-468F-A64D-66B981EA688D}.Release|x86.ActiveCfg = Release|Win32
		{503C76A9-9B78-468F-A64D-66B981EA688D}.Release|x86.Build.0 = Release|Win32
	EndGlobalSection
	GlobalSection(SolutionProperties) = preSolution
		HideSolutionNode = FALSE
	EndGlobalSection
	GlobalSection(ExtensibilityGlobals) = postSolution
		SolutionGuid = {68BEBBDE-F1D3-4A6E-94DF-B02092A3DCDD}
	EndGlobalSection
EndGlobal
